
Microsoft Visual Studio Solution File, Format Version 12.00
# Visual Studio 15
VisualStudioVersion = 15.0.28010.2046
MinimumVisualStudioVersion = 10.0.40219.1
Project("{FAE04EC0-301F-11D3-BF4B-00C04F79EFBC}") = "OutlookWrapper", "OutlookWrapper\OutlookWrapper.csproj", "{5A5B14AD-6D7A-4E8D-AFDF-5839C9AD4601}"
EndProject
Project("{FAE04EC0-301F-11D3-BF4B-00C04F79EFBC}") = "TesterOutlookWrapper", "Tester\TesterOutlookWrapper.csproj", "{5713BE63-41FD-4DF4-9E75-A7909B9406C5}"
	ProjectSection(ProjectDependencies) = postProject
		{5A5B14AD-6D7A-4E8D-AFDF-5839C9AD4601} = {5A5B14AD-6D7A-4E8D-AFDF-5839C9AD4601}
	EndProjectSection
EndProject
Global
	GlobalSection(SolutionConfigurationPlatforms) = preSolution
		Debug|Any CPU = Debug|Any CPU
		Release|Any CPU = Release|Any CPU
	EndGlobalSection
	GlobalSection(ProjectConfigurationPlatforms) = postSolution
		{5A5B14AD-6D7A-4E8D-AFDF-5839C9AD4601}.Debug|Any CPU.ActiveCfg = Debug|Any CPU
		{5A5B14AD-6D7A-4E8D-AFDF-5839C9AD4601}.Debug|Any CPU.Build.0 = Debug|Any CPU
		{5A5B14AD-6D7A-4E8D-AFDF-5839C9AD4601}.Release|Any CPU.ActiveCfg = Release|Any CPU
		{5A5B14AD-6D7A-4E8D-AFDF-5839C9AD4601}.Release|Any CPU.Build.0 = Release|Any CPU
		{5713BE63-41FD-4DF4-9E75-A7909B9406C5}.Debug|Any CPU.ActiveCfg = Debug|Any CPU
		{5713BE63-41FD-4DF4-9E75-A7909B9406C5}.Debug|Any CPU.Build.0 = Debug|Any CPU
		{5713BE63-41FD-4DF4-9E75-A7909B9406C5}.Release|Any CPU.ActiveCfg = Release|Any CPU
		{5713BE63-41FD-4DF4-9E75-A7909B9406C5}.Release|Any CPU.Build.0 = Release|Any CPU
	EndGlobalSection
	GlobalSection(SolutionProperties) = preSolution
		HideSolutionNode = FALSE
	EndGlobalSection
	GlobalSection(ExtensibilityGlobals) = postSolution
		SolutionGuid = {F31F65AA-58A4-4302-ADE5-015152F64A2E}
	EndGlobalSection
EndGlobal
